
Microsoft Visual Studio Solution File, Format Version 12.00
# Visual Studio Version 17
VisualStudioVersion = 17.5.33516.290
MinimumVisualStudioVersion = 10.0.40219.1
Project("{FAE04EC0-301F-11D3-BF4B-00C04F79EFBC}") = "BurgerKing", "BurgerKing\BurgerKing.csproj", "{7C5CB4D2-3378-44FB-ACB0-BBE627C62C02}"
EndProject
Project("{FAE04EC0-301F-11D3-BF4B-00C04F79EFBC}") = "BurgerKingData", "BurgerKingData\BurgerKingData.csproj", "{8F09AAA9-3813-475C-B137-9948BC052F41}"
EndProject
Global
	GlobalSection(SolutionConfigurationPlatforms) = preSolution
		Debug|Any CPU = Debug|Any CPU
		Release|Any CPU = Release|Any CPU
	EndGlobalSection
	GlobalSection(ProjectConfigurationPlatforms) = postSolution
		{7C5CB4D2-3378-44FB-ACB0-BBE627C62C02}.Debug|Any CPU.ActiveCfg = Debug|Any CPU
		{7C5CB4D2-3378-44FB-ACB0-BBE627C62C02}.Debug|Any CPU.Build.0 = Debug|Any CPU
		{7C5CB4D2-3378-44FB-ACB0-BBE627C62C02}.Release|Any CPU.ActiveCfg = Release|Any CPU
		{7C5CB4D2-3378-44FB-ACB0-BBE627C62C02}.Release|Any CPU.Build.0 = Release|Any CPU
		{8F09AAA9-3813-475C-B137-9948BC052F41}.Debug|Any CPU.ActiveCfg = Debug|Any CPU
		{8F09AAA9-3813-475C-B137-9948BC052F41}.Debug|Any CPU.Build.0 = Debug|Any CPU
		{8F09AAA9-3813-475C-B137-9948BC052F41}.Release|Any CPU.ActiveCfg = Release|Any CPU
		{8F09AAA9-3813-475C-B137-9948BC052F41}.Release|Any CPU.Build.0 = Release|Any CPU
	EndGlobalSection
	GlobalSection(SolutionProperties) = preSolution
		HideSolutionNode = FALSE
	EndGlobalSection
	GlobalSection(ExtensibilityGlobals) = postSolution
		SolutionGuid = {E36C3396-DBB5-4B36-ABCE-9DC489B61943}
	EndGlobalSection
EndGlobal
